
Microsoft Visual Studio Solution File, Format Version 12.00
# Visual Studio 14
VisualStudioVersion = 14.0.25420.1
MinimumVisualStudioVersion = 10.0.40219.1
Project("{FAE04EC0-301F-11D3-BF4B-00C04F79EFBC}") = "EvernoteCommon", "EvernoteCommon\EvernoteCommon.csproj", "{D826A772-4436-4FA8-90DE-3A57DF8A5983}"
EndProject
Project("{FAE04EC0-301F-11D3-BF4B-00C04F79EFBC}") = "EvernoteDesktop", "EvernoteDesktop\EvernoteDesktop.csproj", "{268B7E97-833E-4ACD-866E-2FB1A9DA08D9}"
EndProject
Global
	GlobalSection(SolutionConfigurationPlatforms) = preSolution
		Debug|Any CPU = Debug|Any CPU
		Profile1|Any CPU = Profile1|Any CPU
		Release|Any CPU = Release|Any CPU
	EndGlobalSection
	GlobalSection(ProjectConfigurationPlatforms) = postSolution
		{D826A772-4436-4FA8-90DE-3A57DF8A5983}.Debug|Any CPU.ActiveCfg = Debug|Any CPU
		{D826A772-4436-4FA8-90DE-3A57DF8A5983}.Debug|Any CPU.Build.0 = Debug|Any CPU
		{D826A772-4436-4FA8-90DE-3A57DF8A5983}.Profile1|Any CPU.ActiveCfg = Profile1|Any CPU
		{D826A772-4436-4FA8-90DE-3A57DF8A5983}.Profile1|Any CPU.Build.0 = Profile1|Any CPU
		{D826A772-4436-4FA8-90DE-3A57DF8A5983}.Release|Any CPU.ActiveCfg = Release|Any CPU
		{D826A772-4436-4FA8-90DE-3A57DF8A5983}.Release|Any CPU.Build.0 = Release|Any CPU
		{268B7E97-833E-4ACD-866E-2FB1A9DA08D9}.Debug|Any CPU.ActiveCfg = Debug|Any CPU
		{268B7E97-833E-4ACD-866E-2FB1A9DA08D9}.Debug|Any CPU.Build.0 = Debug|Any CPU
		{268B7E97-833E-4ACD-866E-2FB1A9DA08D9}.Profile1|Any CPU.ActiveCfg = Profile1|Any CPU
		{268B7E97-833E-4ACD-866E-2FB1A9DA08D9}.Profile1|Any CPU.Build.0 = Profile1|Any CPU
		{268B7E97-833E-4ACD-866E-2FB1A9DA08D9}.Release|Any CPU.ActiveCfg = Release|Any CPU
		{268B7E97-833E-4ACD-866E-2FB1A9DA08D9}.Release|Any CPU.Build.0 = Release|Any CPU
	EndGlobalSection
	GlobalSection(SolutionProperties) = preSolution
		HideSolutionNode = FALSE
	EndGlobalSection
EndGlobal
